// !$*UTF8*$!
{
	archiveVersion = 1;
	classes = {
	};
	objectVersion = 46;
	objects = {

/* Begin PBXBuildFile section */
		C815FC0A1644890A000EFA3E /* UIAlertSheetBlackCancelButton@2x.png in Resources */ = {isa = PBXBuildFile; fileRef = C815FC091644890A000EFA3E /* UIAlertSheetBlackCancelButton@2x.png */; };
		C815FC0D1644954D000EFA3E /* HelpPlaceholder@2x.png in Resources */ = {isa = PBXBuildFile; fileRef = C815FC0C1644954D000EFA3E /* HelpPlaceholder@2x.png */; };
		C8D687E016454A4F00F30DF3 /* alphaSheet_114.png in Resources */ = {isa = PBXBuildFile; fileRef = C8D687DD16454A4F00F30DF3 /* alphaSheet_114.png */; };
		C8D687E116454A4F00F30DF3 /* alphaSheet_128.png in Resources */ = {isa = PBXBuildFile; fileRef = C8D687DE16454A4F00F30DF3 /* alphaSheet_128.png */; };
		C8D687E216454A4F00F30DF3 /* alphaSheet_228.png in Resources */ = {isa = PBXBuildFile; fileRef = C8D687DF16454A4F00F30DF3 /* alphaSheet_228.png */; };
		C8D687E316454E6E00F30DF3 /* alphaSheet_114.png in Resources */ = {isa = PBXBuildFile; fileRef = C8D687DD16454A4F00F30DF3 /* alphaSheet_114.png */; };
		C8D687E416454E7200F30DF3 /* alphaSheet_128.png in Resources */ = {isa = PBXBuildFile; fileRef = C8D687DE16454A4F00F30DF3 /* alphaSheet_128.png */; };
		C8D687E516454E7500F30DF3 /* alphaSheet_228.png in Resources */ = {isa = PBXBuildFile; fileRef = C8D687DF16454A4F00F30DF3 /* alphaSheet_228.png */; };
		C8D687E7164552F300F30DF3 /* iPadLandscape_Retina.png in Resources */ = {isa = PBXBuildFile; fileRef = C8D687E6164552F300F30DF3 /* iPadLandscape_Retina.png */; };
		C8D687E9164552F900F30DF3 /* iPadPortrait_Retina.png in Resources */ = {isa = PBXBuildFile; fileRef = C8D687E8164552F900F30DF3 /* iPadPortrait_Retina.png */; };
		C8D687EC1645587200F30DF3 /* iPadLandscape.png in Resources */ = {isa = PBXBuildFile; fileRef = C8D687EA1645587200F30DF3 /* iPadLandscape.png */; };
		C8D687ED1645587200F30DF3 /* iPadPortrait.png in Resources */ = {isa = PBXBuildFile; fileRef = C8D687EB1645587200F30DF3 /* iPadPortrait.png */; };
		C8D862BB1643BDD7001B5668 /* UIKit.framework in Frameworks */ = {isa = PBXBuildFile; fileRef = C8D862BA1643BDD7001B5668 /* UIKit.framework */; };
		C8D862BD1643BDD7001B5668 /* Foundation.framework in Frameworks */ = {isa = PBXBuildFile; fileRef = C8D862BC1643BDD7001B5668 /* Foundation.framework */; };
		C8D862BF1643BDD7001B5668 /* CoreGraphics.framework in Frameworks */ = {isa = PBXBuildFile; fileRef = C8D862BE1643BDD7001B5668 /* CoreGraphics.framework */; };
		C8D862C51643BDD7001B5668 /* InfoPlist.strings in Resources */ = {isa = PBXBuildFile; fileRef = C8D862C31643BDD7001B5668 /* InfoPlist.strings */; };
		C8D862C71643BDD7001B5668 /* main.m in Sources */ = {isa = PBXBuildFile; fileRef = C8D862C61643BDD7001B5668 /* main.m */; };
		C8D862CB1643BDD7001B5668 /* ALGAppDelegate.m in Sources */ = {isa = PBXBuildFile; fileRef = C8D862CA1643BDD7001B5668 /* ALGAppDelegate.m */; };
		C8D862CD1643BDD7001B5668 /* Default.png in Resources */ = {isa = PBXBuildFile; fileRef = C8D862CC1643BDD7001B5668 /* Default.png */; };
		C8D862CF1643BDD7001B5668 /* Default@2x.png in Resources */ = {isa = PBXBuildFile; fileRef = C8D862CE1643BDD7001B5668 /* Default@2x.png */; };
		C8D862D11643BDD7001B5668 /* Default-568h@2x.png in Resources */ = {isa = PBXBuildFile; fileRef = C8D862D01643BDD7001B5668 /* Default-568h@2x.png */; };
		C8D862D41643BDD7001B5668 /* ALGViewController.m in Sources */ = {isa = PBXBuildFile; fileRef = C8D862D31643BDD7001B5668 /* ALGViewController.m */; };
		C8D862D71643BDD7001B5668 /* ALGViewController.xib in Resources */ = {isa = PBXBuildFile; fileRef = C8D862D51643BDD7001B5668 /* ALGViewController.xib */; };
		C8D862DF1643BDD7001B5668 /* SenTestingKit.framework in Frameworks */ = {isa = PBXBuildFile; fileRef = C8D862DE1643BDD7001B5668 /* SenTestingKit.framework */; };
		C8D862E01643BDD7001B5668 /* UIKit.framework in Frameworks */ = {isa = PBXBuildFile; fileRef = C8D862BA1643BDD7001B5668 /* UIKit.framework */; };
		C8D862E11643BDD7001B5668 /* Foundation.framework in Frameworks */ = {isa = PBXBuildFile; fileRef = C8D862BC1643BDD7001B5668 /* Foundation.framework */; };
		C8D862E91643BDD7001B5668 /* InfoPlist.strings in Resources */ = {isa = PBXBuildFile; fileRef = C8D862E71643BDD7001B5668 /* InfoPlist.strings */; };
		C8D862EC1643BDD7001B5668 /* PressletterTests.m in Sources */ = {isa = PBXBuildFile; fileRef = C8D862EB1643BDD7001B5668 /* PressletterTests.m */; };
		C8D863021643BF0B001B5668 /* IMG_1384.PNG in Resources */ = {isa = PBXBuildFile; fileRef = C8D862FE1643BF0B001B5668 /* IMG_1384.PNG */; };
		C8D863031643BF0B001B5668 /* IMG_1385.PNG in Resources */ = {isa = PBXBuildFile; fileRef = C8D862FF1643BF0B001B5668 /* IMG_1385.PNG */; };
		C8D863041643BF0B001B5668 /* IMG_1386.PNG in Resources */ = {isa = PBXBuildFile; fileRef = C8D863001643BF0B001B5668 /* IMG_1386.PNG */; };
		C8D863051643BF0B001B5668 /* MuseoSansRounded-700.otf in Resources */ = {isa = PBXBuildFile; fileRef = C8D863011643BF0B001B5668 /* MuseoSansRounded-700.otf */; };
		C8D863081643C059001B5668 /* ALGScreenshotReader.m in Sources */ = {isa = PBXBuildFile; fileRef = C8D863071643C059001B5668 /* ALGScreenshotReader.m */; };
		C8D863091643C059001B5668 /* ALGScreenshotReader.m in Sources */ = {isa = PBXBuildFile; fileRef = C8D863071643C059001B5668 /* ALGScreenshotReader.m */; };
		C8D8630A1643C61F001B5668 /* CoreGraphics.framework in Frameworks */ = {isa = PBXBuildFile; fileRef = C8D862BE1643BDD7001B5668 /* CoreGraphics.framework */; };
		C8D8630D1644261E001B5668 /* ALGImageUtilities.m in Sources */ = {isa = PBXBuildFile; fileRef = C8D8630C1644261E001B5668 /* ALGImageUtilities.m */; };
		C8D8630E1644261E001B5668 /* ALGImageUtilities.m in Sources */ = {isa = PBXBuildFile; fileRef = C8D8630C1644261E001B5668 /* ALGImageUtilities.m */; };
		C8D86313164445F6001B5668 /* iPhone_5_1.png in Resources */ = {isa = PBXBuildFile; fileRef = C8D86310164445F6001B5668 /* iPhone_5_1.png */; };
		C8D86314164445F6001B5668 /* iPhone_5_2.png in Resources */ = {isa = PBXBuildFile; fileRef = C8D86311164445F6001B5668 /* iPhone_5_2.png */; };
		C8D86315164445F6001B5668 /* iPhone_5_2.png in Resources */ = {isa = PBXBuildFile; fileRef = C8D86311164445F6001B5668 /* iPhone_5_2.png */; };
		C8D863171644554E001B5668 /* AssetsLibrary.framework in Frameworks */ = {isa = PBXBuildFile; fileRef = C8D863161644554E001B5668 /* AssetsLibrary.framework */; };
		C8D8631E16445B94001B5668 /* ALGOverlayView.m in Sources */ = {isa = PBXBuildFile; fileRef = C8D8631D16445B94001B5668 /* ALGOverlayView.m */; };
		C8D8631F16445B94001B5668 /* ALGOverlayView.m in Sources */ = {isa = PBXBuildFile; fileRef = C8D8631D16445B94001B5668 /* ALGOverlayView.m */; };
		C8D8632016446430001B5668 /* MuseoSansRounded-700.otf in Resources */ = {isa = PBXBuildFile; fileRef = C8D863011643BF0B001B5668 /* MuseoSansRounded-700.otf */; };
		C8D8632316447264001B5668 /* dict_long_to_short.txt in Resources */ = {isa = PBXBuildFile; fileRef = C8D8632216447264001B5668 /* dict_long_to_short.txt */; };
		C8D8632416447264001B5668 /* dict_long_to_short.txt in Resources */ = {isa = PBXBuildFile; fileRef = C8D8632216447264001B5668 /* dict_long_to_short.txt */; };
/* End PBXBuildFile section */

/* Begin PBXContainerItemProxy section */
		C8D862E21643BDD7001B5668 /* PBXContainerItemProxy */ = {
			isa = PBXContainerItemProxy;
			containerPortal = C8D862AD1643BDD7001B5668 /* Project object */;
			proxyType = 1;
			remoteGlobalIDString = C8D862B51643BDD7001B5668;
			remoteInfo = Pressletter;
		};
/* End PBXContainerItemProxy section */

/* Begin PBXFileReference section */
		C815FC091644890A000EFA3E /* UIAlertSheetBlackCancelButton@2x.png */ = {isa = PBXFileReference; lastKnownFileType = image.png; path = "UIAlertSheetBlackCancelButton@2x.png"; sourceTree = "<group>"; };
		C815FC0C1644954D000EFA3E /* HelpPlaceholder@2x.png */ = {isa = PBXFileReference; lastKnownFileType = image.png; path = "HelpPlaceholder@2x.png"; sourceTree = "<group>"; };
		C8D687DD16454A4F00F30DF3 /* alphaSheet_114.png */ = {isa = PBXFileReference; lastKnownFileType = image.png; path = alphaSheet_114.png; sourceTree = "<group>"; };
		C8D687DE16454A4F00F30DF3 /* alphaSheet_128.png */ = {isa = PBXFileReference; lastKnownFileType = image.png; path = alphaSheet_128.png; sourceTree = "<group>"; };
		C8D687DF16454A4F00F30DF3 /* alphaSheet_228.png */ = {isa = PBXFileReference; lastKnownFileType = image.png; path = alphaSheet_228.png; sourceTree = "<group>"; };
		C8D687E6164552F300F30DF3 /* iPadLandscape_Retina.png */ = {isa = PBXFileReference; lastKnownFileType = image.png; path = iPadLandscape_Retina.png; sourceTree = "<group>"; };
		C8D687E8164552F900F30DF3 /* iPadPortrait_Retina.png */ = {isa = PBXFileReference; lastKnownFileType = image.png; path = iPadPortrait_Retina.png; sourceTree = "<group>"; };
		C8D687EA1645587200F30DF3 /* iPadLandscape.png */ = {isa = PBXFileReference; lastKnownFileType = image.png; path = iPadLandscape.png; sourceTree = "<group>"; };
		C8D687EB1645587200F30DF3 /* iPadPortrait.png */ = {isa = PBXFileReference; lastKnownFileType = image.png; path = iPadPortrait.png; sourceTree = "<group>"; };
		C8D862B61643BDD7001B5668 /* pressletter.app */ = {isa = PBXFileReference; explicitFileType = wrapper.application; includeInIndex = 0; path = pressletter.app; sourceTree = BUILT_PRODUCTS_DIR; };
		C8D862BA1643BDD7001B5668 /* UIKit.framework */ = {isa = PBXFileReference; lastKnownFileType = wrapper.framework; name = UIKit.framework; path = System/Library/Frameworks/UIKit.framework; sourceTree = SDKROOT; };
		C8D862BC1643BDD7001B5668 /* Foundation.framework */ = {isa = PBXFileReference; lastKnownFileType = wrapper.framework; name = Foundation.framework; path = System/Library/Frameworks/Foundation.framework; sourceTree = SDKROOT; };
		C8D862BE1643BDD7001B5668 /* CoreGraphics.framework */ = {isa = PBXFileReference; lastKnownFileType = wrapper.framework; name = CoreGraphics.framework; path = System/Library/Frameworks/CoreGraphics.framework; sourceTree = SDKROOT; };
		C8D862C21643BDD7001B5668 /* Pressletter-Info.plist */ = {isa = PBXFileReference; lastKnownFileType = text.plist.xml; path = "Pressletter-Info.plist"; sourceTree = "<group>"; };
		C8D862C41643BDD7001B5668 /* en */ = {isa = PBXFileReference; lastKnownFileType = text.plist.strings; name = en; path = en.lproj/InfoPlist.strings; sourceTree = "<group>"; };
		C8D862C61643BDD7001B5668 /* main.m */ = {isa = PBXFileReference; lastKnownFileType = sourcecode.c.objc; path = main.m; sourceTree = "<group>"; };
		C8D862C81643BDD7001B5668 /* Pressletter-Prefix.pch */ = {isa = PBXFileReference; lastKnownFileType = sourcecode.c.h; path = "Pressletter-Prefix.pch"; sourceTree = "<group>"; };
		C8D862C91643BDD7001B5668 /* ALGAppDelegate.h */ = {isa = PBXFileReference; lastKnownFileType = sourcecode.c.h; path = ALGAppDelegate.h; sourceTree = "<group>"; };
		C8D862CA1643BDD7001B5668 /* ALGAppDelegate.m */ = {isa = PBXFileReference; lastKnownFileType = sourcecode.c.objc; path = ALGAppDelegate.m; sourceTree = "<group>"; };
		C8D862CC1643BDD7001B5668 /* Default.png */ = {isa = PBXFileReference; lastKnownFileType = image.png; path = Default.png; sourceTree = "<group>"; };
		C8D862CE1643BDD7001B5668 /* Default@2x.png */ = {isa = PBXFileReference; lastKnownFileType = image.png; path = "Default@2x.png"; sourceTree = "<group>"; };
		C8D862D01643BDD7001B5668 /* Default-568h@2x.png */ = {isa = PBXFileReference; lastKnownFileType = image.png; path = "Default-568h@2x.png"; sourceTree = "<group>"; };
		C8D862D21643BDD7001B5668 /* ALGViewController.h */ = {isa = PBXFileReference; lastKnownFileType = sourcecode.c.h; path = ALGViewController.h; sourceTree = "<group>"; };
		C8D862D31643BDD7001B5668 /* ALGViewController.m */ = {isa = PBXFileReference; lastKnownFileType = sourcecode.c.objc; path = ALGViewController.m; sourceTree = "<group>"; };
		C8D862D61643BDD7001B5668 /* en */ = {isa = PBXFileReference; lastKnownFileType = file.xib; name = en; path = en.lproj/ALGViewController.xib; sourceTree = "<group>"; };
		C8D862DD1643BDD7001B5668 /* PressletterTests.octest */ = {isa = PBXFileReference; explicitFileType = wrapper.cfbundle; includeInIndex = 0; path = PressletterTests.octest; sourceTree = BUILT_PRODUCTS_DIR; };
		C8D862DE1643BDD7001B5668 /* SenTestingKit.framework */ = {isa = PBXFileReference; lastKnownFileType = wrapper.framework; name = SenTestingKit.framework; path = Library/Frameworks/SenTestingKit.framework; sourceTree = DEVELOPER_DIR; };
		C8D862E61643BDD7001B5668 /* PressletterTests-Info.plist */ = {isa = PBXFileReference; lastKnownFileType = text.plist.xml; path = "PressletterTests-Info.plist"; sourceTree = "<group>"; };
		C8D862E81643BDD7001B5668 /* en */ = {isa = PBXFileReference; lastKnownFileType = text.plist.strings; name = en; path = en.lproj/InfoPlist.strings; sourceTree = "<group>"; };
		C8D862EA1643BDD7001B5668 /* PressletterTests.h */ = {isa = PBXFileReference; lastKnownFileType = sourcecode.c.h; path = PressletterTests.h; sourceTree = "<group>"; };
		C8D862EB1643BDD7001B5668 /* PressletterTests.m */ = {isa = PBXFileReference; lastKnownFileType = sourcecode.c.objc; path = PressletterTests.m; sourceTree = "<group>"; };
		C8D862FE1643BF0B001B5668 /* IMG_1384.PNG */ = {isa = PBXFileReference; lastKnownFileType = image.png; path = IMG_1384.PNG; sourceTree = "<group>"; };
		C8D862FF1643BF0B001B5668 /* IMG_1385.PNG */ = {isa = PBXFileReference; lastKnownFileType = image.png; path = IMG_1385.PNG; sourceTree = "<group>"; };
		C8D863001643BF0B001B5668 /* IMG_1386.PNG */ = {isa = PBXFileReference; lastKnownFileType = image.png; path = IMG_1386.PNG; sourceTree = "<group>"; };
		C8D863011643BF0B001B5668 /* MuseoSansRounded-700.otf */ = {isa = PBXFileReference; lastKnownFileType = file; path = "MuseoSansRounded-700.otf"; sourceTree = "<group>"; };
		C8D863061643C059001B5668 /* ALGScreenshotReader.h */ = {isa = PBXFileReference; fileEncoding = 4; lastKnownFileType = sourcecode.c.h; path = ALGScreenshotReader.h; sourceTree = "<group>"; };
		C8D863071643C059001B5668 /* ALGScreenshotReader.m */ = {isa = PBXFileReference; fileEncoding = 4; lastKnownFileType = sourcecode.c.objc; path = ALGScreenshotReader.m; sourceTree = "<group>"; };
		C8D8630B1644261E001B5668 /* ALGImageUtilities.h */ = {isa = PBXFileReference; fileEncoding = 4; lastKnownFileType = sourcecode.c.h; path = ALGImageUtilities.h; sourceTree = "<group>"; };
		C8D8630C1644261E001B5668 /* ALGImageUtilities.m */ = {isa = PBXFileReference; fileEncoding = 4; lastKnownFileType = sourcecode.c.objc; path = ALGImageUtilities.m; sourceTree = "<group>"; };
		C8D86310164445F6001B5668 /* iPhone_5_1.png */ = {isa = PBXFileReference; lastKnownFileType = image.png; path = iPhone_5_1.png; sourceTree = "<group>"; };
		C8D86311164445F6001B5668 /* iPhone_5_2.png */ = {isa = PBXFileReference; lastKnownFileType = image.png; path = iPhone_5_2.png; sourceTree = "<group>"; };
		C8D863161644554E001B5668 /* AssetsLibrary.framework */ = {isa = PBXFileReference; lastKnownFileType = wrapper.framework; name = AssetsLibrary.framework; path = System/Library/Frameworks/AssetsLibrary.framework; sourceTree = SDKROOT; };
		C8D8631C16445B94001B5668 /* ALGOverlayView.h */ = {isa = PBXFileReference; fileEncoding = 4; lastKnownFileType = sourcecode.c.h; path = ALGOverlayView.h; sourceTree = "<group>"; };
		C8D8631D16445B94001B5668 /* ALGOverlayView.m */ = {isa = PBXFileReference; fileEncoding = 4; lastKnownFileType = sourcecode.c.objc; path = ALGOverlayView.m; sourceTree = "<group>"; };
		C8D8632216447264001B5668 /* dict_long_to_short.txt */ = {isa = PBXFileReference; fileEncoding = 4; lastKnownFileType = text; path = dict_long_to_short.txt; sourceTree = "<group>"; };
/* End PBXFileReference section */

/* Begin PBXFrameworksBuildPhase section */
		C8D862B31643BDD7001B5668 /* Frameworks */ = {
			isa = PBXFrameworksBuildPhase;
			buildActionMask = 2147483647;
			files = (
				C8D863171644554E001B5668 /* AssetsLibrary.framework in Frameworks */,
				C8D862BB1643BDD7001B5668 /* UIKit.framework in Frameworks */,
				C8D862BD1643BDD7001B5668 /* Foundation.framework in Frameworks */,
				C8D862BF1643BDD7001B5668 /* CoreGraphics.framework in Frameworks */,
			);
			runOnlyForDeploymentPostprocessing = 0;
		};
		C8D862D91643BDD7001B5668 /* Frameworks */ = {
			isa = PBXFrameworksBuildPhase;
			buildActionMask = 2147483647;
			files = (
				C8D8630A1643C61F001B5668 /* CoreGraphics.framework in Frameworks */,
				C8D862DF1643BDD7001B5668 /* SenTestingKit.framework in Frameworks */,
				C8D862E01643BDD7001B5668 /* UIKit.framework in Frameworks */,
				C8D862E11643BDD7001B5668 /* Foundation.framework in Frameworks */,
			);
			runOnlyForDeploymentPostprocessing = 0;
		};
/* End PBXFrameworksBuildPhase section */

/* Begin PBXGroup section */
		C8D862AB1643BDD7001B5668 = {
			isa = PBXGroup;
			children = (
				C8D862C01643BDD7001B5668 /* Pressletter */,
				C8D862E41643BDD7001B5668 /* PressletterTests */,
				C8D862B91643BDD7001B5668 /* Frameworks */,
				C8D862B71643BDD7001B5668 /* Products */,
			);
			sourceTree = "<group>";
		};
		C8D862B71643BDD7001B5668 /* Products */ = {
			isa = PBXGroup;
			children = (
				C8D862B61643BDD7001B5668 /* pressletter.app */,
				C8D862DD1643BDD7001B5668 /* PressletterTests.octest */,
			);
			name = Products;
			sourceTree = "<group>";
		};
		C8D862B91643BDD7001B5668 /* Frameworks */ = {
			isa = PBXGroup;
			children = (
				C8D863161644554E001B5668 /* AssetsLibrary.framework */,
				C8D862BA1643BDD7001B5668 /* UIKit.framework */,
				C8D862BC1643BDD7001B5668 /* Foundation.framework */,
				C8D862BE1643BDD7001B5668 /* CoreGraphics.framework */,
				C8D862DE1643BDD7001B5668 /* SenTestingKit.framework */,
			);
			name = Frameworks;
			sourceTree = "<group>";
		};
		C8D862C01643BDD7001B5668 /* Pressletter */ = {
			isa = PBXGroup;
			children = (
				C8D8632116447236001B5668 /* Resources */,
				C8D862C91643BDD7001B5668 /* ALGAppDelegate.h */,
				C8D862CA1643BDD7001B5668 /* ALGAppDelegate.m */,
				C8D8630B1644261E001B5668 /* ALGImageUtilities.h */,
				C8D8630C1644261E001B5668 /* ALGImageUtilities.m */,
				C8D8631C16445B94001B5668 /* ALGOverlayView.h */,
				C8D8631D16445B94001B5668 /* ALGOverlayView.m */,
				C8D863061643C059001B5668 /* ALGScreenshotReader.h */,
				C8D863071643C059001B5668 /* ALGScreenshotReader.m */,
				C8D862D21643BDD7001B5668 /* ALGViewController.h */,
				C8D862D31643BDD7001B5668 /* ALGViewController.m */,
				C8D862D51643BDD7001B5668 /* ALGViewController.xib */,
				C8D862C11643BDD7001B5668 /* Supporting Files */,
			);
			path = Pressletter;
			sourceTree = "<group>";
		};
		C8D862C11643BDD7001B5668 /* Supporting Files */ = {
			isa = PBXGroup;
			children = (
				C8D862C21643BDD7001B5668 /* Pressletter-Info.plist */,
				C8D862C31643BDD7001B5668 /* InfoPlist.strings */,
				C8D862C61643BDD7001B5668 /* main.m */,
				C8D862C81643BDD7001B5668 /* Pressletter-Prefix.pch */,
				C8D862CC1643BDD7001B5668 /* Default.png */,
				C8D862CE1643BDD7001B5668 /* Default@2x.png */,
				C8D862D01643BDD7001B5668 /* Default-568h@2x.png */,
			);
			name = "Supporting Files";
			sourceTree = "<group>";
		};
		C8D862E41643BDD7001B5668 /* PressletterTests */ = {
			isa = PBXGroup;
			children = (
				C8D862F51643BE7B001B5668 /* Resources */,
				C8D862EA1643BDD7001B5668 /* PressletterTests.h */,
				C8D862EB1643BDD7001B5668 /* PressletterTests.m */,
				C8D862E51643BDD7001B5668 /* Supporting Files */,
			);
			path = PressletterTests;
			sourceTree = "<group>";
		};
		C8D862E51643BDD7001B5668 /* Supporting Files */ = {
			isa = PBXGroup;
			children = (
				C8D862E61643BDD7001B5668 /* PressletterTests-Info.plist */,
				C8D862E71643BDD7001B5668 /* InfoPlist.strings */,
			);
			name = "Supporting Files";
			sourceTree = "<group>";
		};
		C8D862F51643BE7B001B5668 /* Resources */ = {
			isa = PBXGroup;
			children = (
				C8D687EA1645587200F30DF3 /* iPadLandscape.png */,
				C8D687EB1645587200F30DF3 /* iPadPortrait.png */,
				C8D687E8164552F900F30DF3 /* iPadPortrait_Retina.png */,
				C8D687E6164552F300F30DF3 /* iPadLandscape_Retina.png */,
				C8D86310164445F6001B5668 /* iPhone_5_1.png */,
				C8D86311164445F6001B5668 /* iPhone_5_2.png */,
				C8D862FE1643BF0B001B5668 /* IMG_1384.PNG */,
				C8D862FF1643BF0B001B5668 /* IMG_1385.PNG */,
				C8D863001643BF0B001B5668 /* IMG_1386.PNG */,
				C8D863011643BF0B001B5668 /* MuseoSansRounded-700.otf */,
			);
			path = Resources;
			sourceTree = "<group>";
		};
		C8D8632116447236001B5668 /* Resources */ = {
			isa = PBXGroup;
			children = (
				C8D687DD16454A4F00F30DF3 /* alphaSheet_114.png */,
				C8D687DE16454A4F00F30DF3 /* alphaSheet_128.png */,
				C8D687DF16454A4F00F30DF3 /* alphaSheet_228.png */,
				C8D8632216447264001B5668 /* dict_long_to_short.txt */,
				C815FC0C1644954D000EFA3E /* HelpPlaceholder@2x.png */,
				C815FC091644890A000EFA3E /* UIAlertSheetBlackCancelButton@2x.png */,
			);
			path = Resources;
			sourceTree = "<group>";
		};
/* End PBXGroup section */

/* Begin PBXNativeTarget section */
		C8D862B51643BDD7001B5668 /* pressletter */ = {
			isa = PBXNativeTarget;
			buildConfigurationList = C8D862EF1643BDD7001B5668 /* Build configuration list for PBXNativeTarget "pressletter" */;
			buildPhases = (
				C8D862B21643BDD7001B5668 /* Sources */,
				C8D862B31643BDD7001B5668 /* Frameworks */,
				C8D862B41643BDD7001B5668 /* Resources */,
			);
			buildRules = (
			);
			dependencies = (
			);
			name = pressletter;
			productName = Pressletter;
			productReference = C8D862B61643BDD7001B5668 /* pressletter.app */;
			productType = "com.apple.product-type.application";
		};
		C8D862DC1643BDD7001B5668 /* PressletterTests */ = {
			isa = PBXNativeTarget;
			buildConfigurationList = C8D862F21643BDD7001B5668 /* Build configuration list for PBXNativeTarget "PressletterTests" */;
			buildPhases = (
				C8D862D81643BDD7001B5668 /* Sources */,
				C8D862D91643BDD7001B5668 /* Frameworks */,
				C8D862DA1643BDD7001B5668 /* Resources */,
				C8D862DB1643BDD7001B5668 /* ShellScript */,
			);
			buildRules = (
			);
			dependencies = (
				C8D862E31643BDD7001B5668 /* PBXTargetDependency */,
			);
			name = PressletterTests;
			productName = PressletterTests;
			productReference = C8D862DD1643BDD7001B5668 /* PressletterTests.octest */;
			productType = "com.apple.product-type.bundle";
		};
/* End PBXNativeTarget section */

/* Begin PBXProject section */
		C8D862AD1643BDD7001B5668 /* Project object */ = {
			isa = PBXProject;
			attributes = {
				CLASSPREFIX = ALG;
				LastUpgradeCheck = 0450;
				ORGANIZATIONNAME = "Art Gillespie";
			};
			buildConfigurationList = C8D862B01643BDD7001B5668 /* Build configuration list for PBXProject "Pressletter" */;
			compatibilityVersion = "Xcode 3.2";
			developmentRegion = English;
			hasScannedForEncodings = 0;
			knownRegions = (
				en,
			);
			mainGroup = C8D862AB1643BDD7001B5668;
			productRefGroup = C8D862B71643BDD7001B5668 /* Products */;
			projectDirPath = "";
			projectRoot = "";
			targets = (
				C8D862B51643BDD7001B5668 /* pressletter */,
				C8D862DC1643BDD7001B5668 /* PressletterTests */,
			);
		};
/* End PBXProject section */

/* Begin PBXResourcesBuildPhase section */
		C8D862B41643BDD7001B5668 /* Resources */ = {
			isa = PBXResourcesBuildPhase;
			buildActionMask = 2147483647;
			files = (
				C8D862C51643BDD7001B5668 /* InfoPlist.strings in Resources */,
				C8D862CD1643BDD7001B5668 /* Default.png in Resources */,
				C8D862CF1643BDD7001B5668 /* Default@2x.png in Resources */,
				C8D862D11643BDD7001B5668 /* Default-568h@2x.png in Resources */,
				C8D862D71643BDD7001B5668 /* ALGViewController.xib in Resources */,
				C8D86314164445F6001B5668 /* iPhone_5_2.png in Resources */,
				C8D8632016446430001B5668 /* MuseoSansRounded-700.otf in Resources */,
				C8D8632316447264001B5668 /* dict_long_to_short.txt in Resources */,
				C815FC0A1644890A000EFA3E /* UIAlertSheetBlackCancelButton@2x.png in Resources */,
				C815FC0D1644954D000EFA3E /* HelpPlaceholder@2x.png in Resources */,
				C8D687E016454A4F00F30DF3 /* alphaSheet_114.png in Resources */,
				C8D687E116454A4F00F30DF3 /* alphaSheet_128.png in Resources */,
				C8D687E216454A4F00F30DF3 /* alphaSheet_228.png in Resources */,
			);
			runOnlyForDeploymentPostprocessing = 0;
		};
		C8D862DA1643BDD7001B5668 /* Resources */ = {
			isa = PBXResourcesBuildPhase;
			buildActionMask = 2147483647;
			files = (
				C8D862E91643BDD7001B5668 /* InfoPlist.strings in Resources */,
				C8D863021643BF0B001B5668 /* IMG_1384.PNG in Resources */,
				C8D863031643BF0B001B5668 /* IMG_1385.PNG in Resources */,
				C8D863041643BF0B001B5668 /* IMG_1386.PNG in Resources */,
				C8D863051643BF0B001B5668 /* MuseoSansRounded-700.otf in Resources */,
				C8D86313164445F6001B5668 /* iPhone_5_1.png in Resources */,
				C8D86315164445F6001B5668 /* iPhone_5_2.png in Resources */,
				C8D8632416447264001B5668 /* dict_long_to_short.txt in Resources */,
				C8D687E316454E6E00F30DF3 /* alphaSheet_114.png in Resources */,
				C8D687E416454E7200F30DF3 /* alphaSheet_128.png in Resources */,
				C8D687E516454E7500F30DF3 /* alphaSheet_228.png in Resources */,
				C8D687E7164552F300F30DF3 /* iPadLandscape_Retina.png in Resources */,
				C8D687E9164552F900F30DF3 /* iPadPortrait_Retina.png in Resources */,
				C8D687EC1645587200F30DF3 /* iPadLandscape.png in Resources */,
				C8D687ED1645587200F30DF3 /* iPadPortrait.png in Resources */,
			);
			runOnlyForDeploymentPostprocessing = 0;
		};
/* End PBXResourcesBuildPhase section */

/* Begin PBXShellScriptBuildPhase section */
		C8D862DB1643BDD7001B5668 /* ShellScript */ = {
			isa = PBXShellScriptBuildPhase;
			buildActionMask = 2147483647;
			files = (
			);
			inputPaths = (
			);
			outputPaths = (
			);
			runOnlyForDeploymentPostprocessing = 0;
			shellPath = /bin/sh;
			shellScript = "# Run the unit tests in this test bundle.\n\"${SYSTEM_DEVELOPER_DIR}/Tools/RunUnitTests\"\n";
		};
/* End PBXShellScriptBuildPhase section */

/* Begin PBXSourcesBuildPhase section */
		C8D862B21643BDD7001B5668 /* Sources */ = {
			isa = PBXSourcesBuildPhase;
			buildActionMask = 2147483647;
			files = (
				C8D862C71643BDD7001B5668 /* main.m in Sources */,
				C8D862CB1643BDD7001B5668 /* ALGAppDelegate.m in Sources */,
				C8D862D41643BDD7001B5668 /* ALGViewController.m in Sources */,
				C8D863081643C059001B5668 /* ALGScreenshotReader.m in Sources */,
				C8D8630D1644261E001B5668 /* ALGImageUtilities.m in Sources */,
				C8D8631E16445B94001B5668 /* ALGOverlayView.m in Sources */,
			);
			runOnlyForDeploymentPostprocessing = 0;
		};
		C8D862D81643BDD7001B5668 /* Sources */ = {
			isa = PBXSourcesBuildPhase;
			buildActionMask = 2147483647;
			files = (
				C8D862EC1643BDD7001B5668 /* PressletterTests.m in Sources */,
				C8D863091643C059001B5668 /* ALGScreenshotReader.m in Sources */,
				C8D8630E1644261E001B5668 /* ALGImageUtilities.m in Sources */,
				C8D8631F16445B94001B5668 /* ALGOverlayView.m in Sources */,
			);
			runOnlyForDeploymentPostprocessing = 0;
		};
/* End PBXSourcesBuildPhase section */

/* Begin PBXTargetDependency section */
		C8D862E31643BDD7001B5668 /* PBXTargetDependency */ = {
			isa = PBXTargetDependency;
			target = C8D862B51643BDD7001B5668 /* pressletter */;
			targetProxy = C8D862E21643BDD7001B5668 /* PBXContainerItemProxy */;
		};
/* End PBXTargetDependency section */

/* Begin PBXVariantGroup section */
		C8D862C31643BDD7001B5668 /* InfoPlist.strings */ = {
			isa = PBXVariantGroup;
			children = (
				C8D862C41643BDD7001B5668 /* en */,
			);
			name = InfoPlist.strings;
			sourceTree = "<group>";
		};
		C8D862D51643BDD7001B5668 /* ALGViewController.xib */ = {
			isa = PBXVariantGroup;
			children = (
				C8D862D61643BDD7001B5668 /* en */,
			);
			name = ALGViewController.xib;
			sourceTree = "<group>";
		};
		C8D862E71643BDD7001B5668 /* InfoPlist.strings */ = {
			isa = PBXVariantGroup;
			children = (
				C8D862E81643BDD7001B5668 /* en */,
			);
			name = InfoPlist.strings;
			sourceTree = "<group>";
		};
/* End PBXVariantGroup section */

/* Begin XCBuildConfiguration section */
		C815FC0E16449B69000EFA3E /* Ad Hoc */ = {
			isa = XCBuildConfiguration;
			buildSettings = {
				ALWAYS_SEARCH_USER_PATHS = NO;
				CLANG_CXX_LANGUAGE_STANDARD = "gnu++0x";
				CLANG_CXX_LIBRARY = "libc++";
				CLANG_ENABLE_OBJC_ARC = YES;
				CLANG_WARN_EMPTY_BODY = YES;
				CLANG_WARN__DUPLICATE_METHOD_MATCH = YES;
				"CODE_SIGN_IDENTITY[sdk=iphoneos*]" = "iPhone Distribution";
				COPY_PHASE_STRIP = YES;
				CURRENT_PROJECT_VERSION = 4;
				GCC_C_LANGUAGE_STANDARD = gnu99;
				GCC_WARN_ABOUT_RETURN_TYPE = YES;
				GCC_WARN_UNINITIALIZED_AUTOS = YES;
				GCC_WARN_UNUSED_VARIABLE = YES;
				IPHONEOS_DEPLOYMENT_TARGET = 6.0;
				OTHER_CFLAGS = "-DNS_BLOCK_ASSERTIONS=1";
				"PROVISIONING_PROFILE[sdk=iphoneos*]" = "";
				SDKROOT = iphoneos;
				VALIDATE_PRODUCT = YES;
				VERSIONING_SYSTEM = "apple-generic";
				WARNING_CFLAGS = "-Wall";
			};
			name = "Ad Hoc";
		};
		C815FC0F16449B69000EFA3E /* Ad Hoc */ = {
			isa = XCBuildConfiguration;
			buildSettings = {
				GCC_PRECOMPILE_PREFIX_HEADER = YES;
				GCC_PREFIX_HEADER = "Pressletter/Pressletter-Prefix.pch";
				INFOPLIST_FILE = "Pressletter/Pressletter-Info.plist";
				IPHONEOS_DEPLOYMENT_TARGET = 5.1;
				PRODUCT_NAME = "$(TARGET_NAME)";
				TARGETED_DEVICE_FAMILY = "1,2";
				WRAPPER_EXTENSION = app;
			};
			name = "Ad Hoc";
		};
		C815FC1016449B69000EFA3E /* Ad Hoc */ = {
			isa = XCBuildConfiguration;
			buildSettings = {
				BUNDLE_LOADER = "$(BUILT_PRODUCTS_DIR)/Pressletter.app/Pressletter";
				FRAMEWORK_SEARCH_PATHS = (
					"\"$(SDKROOT)/Developer/Library/Frameworks\"",
					"\"$(DEVELOPER_LIBRARY_DIR)/Frameworks\"",
				);
				GCC_PRECOMPILE_PREFIX_HEADER = YES;
				GCC_PREFIX_HEADER = "Pressletter/Pressletter-Prefix.pch";
				INFOPLIST_FILE = "PressletterTests/PressletterTests-Info.plist";
				PRODUCT_NAME = "$(TARGET_NAME)";
				TEST_HOST = "$(BUNDLE_LOADER)";
				WRAPPER_EXTENSION = octest;
			};
			name = "Ad Hoc";
		};
		C8D862ED1643BDD7001B5668 /* Debug */ = {
			isa = XCBuildConfiguration;
			buildSettings = {
				ALWAYS_SEARCH_USER_PATHS = NO;
				CLANG_CXX_LANGUAGE_STANDARD = "gnu++0x";
				CLANG_CXX_LIBRARY = "libc++";
				CLANG_ENABLE_OBJC_ARC = YES;
				CLANG_WARN_EMPTY_BODY = YES;
				CLANG_WARN__DUPLICATE_METHOD_MATCH = YES;
				"CODE_SIGN_IDENTITY[sdk=iphoneos*]" = "iPhone Developer";
				COPY_PHASE_STRIP = NO;
				CURRENT_PROJECT_VERSION = 4;
				GCC_C_LANGUAGE_STANDARD = gnu99;
				GCC_DYNAMIC_NO_PIC = NO;
				GCC_OPTIMIZATION_LEVEL = 0;
				GCC_PREPROCESSOR_DEFINITIONS = (
					"DEBUG=1",
					"$(inherited)",
				);
				GCC_SYMBOLS_PRIVATE_EXTERN = NO;
				GCC_WARN_ABOUT_RETURN_TYPE = YES;
				GCC_WARN_UNINITIALIZED_AUTOS = YES;
				GCC_WARN_UNUSED_VARIABLE = YES;
				IPHONEOS_DEPLOYMENT_TARGET = 6.0;
				SDKROOT = iphoneos;
				VERSIONING_SYSTEM = "apple-generic";
				WARNING_CFLAGS = "-Wall";
			};
			name = Debug;
		};
		C8D862EE1643BDD7001B5668 /* Release */ = {
			isa = XCBuildConfiguration;
			buildSettings = {
				ALWAYS_SEARCH_USER_PATHS = NO;
				CLANG_CXX_LANGUAGE_STANDARD = "gnu++0x";
				CLANG_CXX_LIBRARY = "libc++";
				CLANG_ENABLE_OBJC_ARC = YES;
				CLANG_WARN_EMPTY_BODY = YES;
				CLANG_WARN__DUPLICATE_METHOD_MATCH = YES;
				"CODE_SIGN_IDENTITY[sdk=iphoneos*]" = "iPhone Developer";
				COPY_PHASE_STRIP = YES;
				CURRENT_PROJECT_VERSION = 4;
				GCC_C_LANGUAGE_STANDARD = gnu99;
				GCC_WARN_ABOUT_RETURN_TYPE = YES;
				GCC_WARN_UNINITIALIZED_AUTOS = YES;
				GCC_WARN_UNUSED_VARIABLE = YES;
				IPHONEOS_DEPLOYMENT_TARGET = 6.0;
				OTHER_CFLAGS = "-DNS_BLOCK_ASSERTIONS=1";
				SDKROOT = iphoneos;
				VALIDATE_PRODUCT = YES;
				VERSIONING_SYSTEM = "apple-generic";
				WARNING_CFLAGS = "-Wall";
			};
			name = Release;
		};
		C8D862F01643BDD7001B5668 /* Debug */ = {
			isa = XCBuildConfiguration;
			buildSettings = {
				GCC_PRECOMPILE_PREFIX_HEADER = YES;
				GCC_PREFIX_HEADER = "Pressletter/Pressletter-Prefix.pch";
				INFOPLIST_FILE = "Pressletter/Pressletter-Info.plist";
				IPHONEOS_DEPLOYMENT_TARGET = 5.1;
				PRODUCT_NAME = "$(TARGET_NAME)";
				TARGETED_DEVICE_FAMILY = "1,2";
				WRAPPER_EXTENSION = app;
			};
			name = Debug;
		};
		C8D862F11643BDD7001B5668 /* Release */ = {
			isa = XCBuildConfiguration;
			buildSettings = {
				GCC_PRECOMPILE_PREFIX_HEADER = YES;
				GCC_PREFIX_HEADER = "Pressletter/Pressletter-Prefix.pch";
				INFOPLIST_FILE = "Pressletter/Pressletter-Info.plist";
				IPHONEOS_DEPLOYMENT_TARGET = 5.1;
				PRODUCT_NAME = "$(TARGET_NAME)";
				TARGETED_DEVICE_FAMILY = "1,2";
				WRAPPER_EXTENSION = app;
			};
			name = Release;
		};
		C8D862F31643BDD7001B5668 /* Debug */ = {
			isa = XCBuildConfiguration;
			buildSettings = {
				BUNDLE_LOADER = "$(BUILT_PRODUCTS_DIR)/Pressletter.app/Pressletter";
				FRAMEWORK_SEARCH_PATHS = (
					"\"$(SDKROOT)/Developer/Library/Frameworks\"",
					"\"$(DEVELOPER_LIBRARY_DIR)/Frameworks\"",
				);
				GCC_PRECOMPILE_PREFIX_HEADER = YES;
				GCC_PREFIX_HEADER = "Pressletter/Pressletter-Prefix.pch";
				INFOPLIST_FILE = "PressletterTests/PressletterTests-Info.plist";
				PRODUCT_NAME = "$(TARGET_NAME)";
				TEST_HOST = "$(BUNDLE_LOADER)";
				WRAPPER_EXTENSION = octest;
			};
			name = Debug;
		};
		C8D862F41643BDD7001B5668 /* Release */ = {
			isa = XCBuildConfiguration;
			buildSettings = {
				BUNDLE_LOADER = "$(BUILT_PRODUCTS_DIR)/Pressletter.app/Pressletter";
				FRAMEWORK_SEARCH_PATHS = (
					"\"$(SDKROOT)/Developer/Library/Frameworks\"",
					"\"$(DEVELOPER_LIBRARY_DIR)/Frameworks\"",
				);
				GCC_PRECOMPILE_PREFIX_HEADER = YES;
				GCC_PREFIX_HEADER = "Pressletter/Pressletter-Prefix.pch";
				INFOPLIST_FILE = "PressletterTests/PressletterTests-Info.plist";
				PRODUCT_NAME = "$(TARGET_NAME)";
				TEST_HOST = "$(BUNDLE_LOADER)";
				WRAPPER_EXTENSION = octest;
			};
			name = Release;
		};
/* End XCBuildConfiguration section */

/* Begin XCConfigurationList section */
		C8D862B01643BDD7001B5668 /* Build configuration list for PBXProject "Pressletter" */ = {
			isa = XCConfigurationList;
			buildConfigurations = (
				C8D862ED1643BDD7001B5668 /* Debug */,
				C8D862EE1643BDD7001B5668 /* Release */,
				C815FC0E16449B69000EFA3E /* Ad Hoc */,
			);
			defaultConfigurationIsVisible = 0;
			defaultConfigurationName = Release;
		};
		C8D862EF1643BDD7001B5668 /* Build configuration list for PBXNativeTarget "pressletter" */ = {
			isa = XCConfigurationList;
			buildConfigurations = (
				C8D862F01643BDD7001B5668 /* Debug */,
				C8D862F11643BDD7001B5668 /* Release */,
				C815FC0F16449B69000EFA3E /* Ad Hoc */,
			);
			defaultConfigurationIsVisible = 0;
			defaultConfigurationName = Release;
		};
		C8D862F21643BDD7001B5668 /* Build configuration list for PBXNativeTarget "PressletterTests" */ = {
			isa = XCConfigurationList;
			buildConfigurations = (
				C8D862F31643BDD7001B5668 /* Debug */,
				C8D862F41643BDD7001B5668 /* Release */,
				C815FC1016449B69000EFA3E /* Ad Hoc */,
			);
			defaultConfigurationIsVisible = 0;
			defaultConfigurationName = Release;
		};
/* End XCConfigurationList section */
	};
	rootObject = C8D862AD1643BDD7001B5668 /* Project object */;
}
